// !$*UTF8*$!
{
	archiveVersion = 1;
	classes = {
	};
	objectVersion = 50;
	objects = {

/* Begin PBXBuildFile section */
		1599A00C4A7D3158E1C463FC /* libPods-YXAnimatedTabBarDemo.a in Frameworks */ = {isa = PBXBuildFile; fileRef = D9FA9085C8EC00872693E96A /* libPods-YXAnimatedTabBarDemo.a */; };
		4E203ED921426013003DE809 /* OneViewController.m in Sources */ = {isa = PBXBuildFile; fileRef = 4E203ED821426013003DE809 /* OneViewController.m */; };
		4E203EDF21426C0F003DE809 /* UIViewController+BadgeValue.m in Sources */ = {isa = PBXBuildFile; fileRef = 4E203EDE21426C0F003DE809 /* UIViewController+BadgeValue.m */; };
		4E50793C213FB5EA00C366EC /* ToolsAnimation.plist in Resources */ = {isa = PBXBuildFile; fileRef = 4E50793B213FB5EA00C366EC /* ToolsAnimation.plist */; };
		4E6E082B213CD63000579FBD /* AppDelegate.m in Sources */ = {isa = PBXBuildFile; fileRef = 4E6E082A213CD63000579FBD /* AppDelegate.m */; };
		4E6E082E213CD63000579FBD /* ViewController.m in Sources */ = {isa = PBXBuildFile; fileRef = 4E6E082D213CD63000579FBD /* ViewController.m */; };
		4E6E0831213CD63000579FBD /* Main.storyboard in Resources */ = {isa = PBXBuildFile; fileRef = 4E6E082F213CD63000579FBD /* Main.storyboard */; };
		4E6E0833213CD63100579FBD /* Assets.xcassets in Resources */ = {isa = PBXBuildFile; fileRef = 4E6E0832213CD63100579FBD /* Assets.xcassets */; };
		4E6E0836213CD63100579FBD /* LaunchScreen.storyboard in Resources */ = {isa = PBXBuildFile; fileRef = 4E6E0834213CD63100579FBD /* LaunchScreen.storyboard */; };
		4E6E0839213CD63100579FBD /* main.m in Sources */ = {isa = PBXBuildFile; fileRef = 4E6E0838213CD63100579FBD /* main.m */; };
		4E6E0845213CE1E700579FBD /* YXTabBarAnimation.m in Sources */ = {isa = PBXBuildFile; fileRef = 4E6E0844213CE1E700579FBD /* YXTabBarAnimation.m */; };
		4E6E0848213CE21500579FBD /* YXTabBar.m in Sources */ = {isa = PBXBuildFile; fileRef = 4E6E0847213CE21500579FBD /* YXTabBar.m */; };
		4E6E084B213D077200579FBD /* TabBarViewController.m in Sources */ = {isa = PBXBuildFile; fileRef = 4E6E084A213D077200579FBD /* TabBarViewController.m */; };
/* End PBXBuildFile section */

/* Begin PBXFileReference section */
		4E203ED721426013003DE809 /* OneViewController.h */ = {isa = PBXFileReference; lastKnownFileType = sourcecode.c.h; path = OneViewController.h; sourceTree = "<group>"; };
		4E203ED821426013003DE809 /* OneViewController.m */ = {isa = PBXFileReference; lastKnownFileType = sourcecode.c.objc; path = OneViewController.m; sourceTree = "<group>"; };
		4E203EDD21426C0F003DE809 /* UIViewController+BadgeValue.h */ = {isa = PBXFileReference; lastKnownFileType = sourcecode.c.h; path = "UIViewController+BadgeValue.h"; sourceTree = "<group>"; };
		4E203EDE21426C0F003DE809 /* UIViewController+BadgeValue.m */ = {isa = PBXFileReference; lastKnownFileType = sourcecode.c.objc; path = "UIViewController+BadgeValue.m"; sourceTree = "<group>"; };
		4E50793B213FB5EA00C366EC /* ToolsAnimation.plist */ = {isa = PBXFileReference; fileEncoding = 4; lastKnownFileType = text.plist.xml; path = ToolsAnimation.plist; sourceTree = "<group>"; };
		4E6E0826213CD63000579FBD /* YXAnimatedTabBarDemo.app */ = {isa = PBXFileReference; explicitFileType = wrapper.application; includeInIndex = 0; path = YXAnimatedTabBarDemo.app; sourceTree = BUILT_PRODUCTS_DIR; };
		4E6E0829213CD63000579FBD /* AppDelegate.h */ = {isa = PBXFileReference; lastKnownFileType = sourcecode.c.h; path = AppDelegate.h; sourceTree = "<group>"; };
		4E6E082A213CD63000579FBD /* AppDelegate.m */ = {isa = PBXFileReference; lastKnownFileType = sourcecode.c.objc; path = AppDelegate.m; sourceTree = "<group>"; };
		4E6E082C213CD63000579FBD /* ViewController.h */ = {isa = PBXFileReference; lastKnownFileType = sourcecode.c.h; path = ViewController.h; sourceTree = "<group>"; };
		4E6E082D213CD63000579FBD /* ViewController.m */ = {isa = PBXFileReference; lastKnownFileType = sourcecode.c.objc; path = ViewController.m; sourceTree = "<group>"; };
		4E6E0830213CD63000579FBD /* Base */ = {isa = PBXFileReference; lastKnownFileType = file.storyboard; name = Base; path = Base.lproj/Main.storyboard; sourceTree = "<group>"; };
		4E6E0832213CD63100579FBD /* Assets.xcassets */ = {isa = PBXFileReference; lastKnownFileType = folder.assetcatalog; path = Assets.xcassets; sourceTree = "<group>"; };
		4E6E0835213CD63100579FBD /* Base */ = {isa = PBXFileReference; lastKnownFileType = file.storyboard; name = Base; path = Base.lproj/LaunchScreen.storyboard; sourceTree = "<group>"; };
		4E6E0837213CD63100579FBD /* Info.plist */ = {isa = PBXFileReference; lastKnownFileType = text.plist.xml; path = Info.plist; sourceTree = "<group>"; };
		4E6E0838213CD63100579FBD /* main.m */ = {isa = PBXFileReference; lastKnownFileType = sourcecode.c.objc; path = main.m; sourceTree = "<group>"; };
		4E6E0843213CE1E700579FBD /* YXTabBarAnimation.h */ = {isa = PBXFileReference; lastKnownFileType = sourcecode.c.h; path = YXTabBarAnimation.h; sourceTree = "<group>"; };
		4E6E0844213CE1E700579FBD /* YXTabBarAnimation.m */ = {isa = PBXFileReference; lastKnownFileType = sourcecode.c.objc; path = YXTabBarAnimation.m; sourceTree = "<group>"; };
		4E6E0846213CE21500579FBD /* YXTabBar.h */ = {isa = PBXFileReference; lastKnownFileType = sourcecode.c.h; path = YXTabBar.h; sourceTree = "<group>"; };
		4E6E0847213CE21500579FBD /* YXTabBar.m */ = {isa = PBXFileReference; lastKnownFileType = sourcecode.c.objc; path = YXTabBar.m; sourceTree = "<group>"; };
		4E6E0849213D077200579FBD /* TabBarViewController.h */ = {isa = PBXFileReference; lastKnownFileType = sourcecode.c.h; path = TabBarViewController.h; sourceTree = "<group>"; };
		4E6E084A213D077200579FBD /* TabBarViewController.m */ = {isa = PBXFileReference; lastKnownFileType = sourcecode.c.objc; path = TabBarViewController.m; sourceTree = "<group>"; };
		728B8CF159185E8D9F3D3171 /* Pods-YXAnimatedTabBarDemo.release.xcconfig */ = {isa = PBXFileReference; includeInIndex = 1; lastKnownFileType = text.xcconfig; name = "Pods-YXAnimatedTabBarDemo.release.xcconfig"; path = "Pods/Target Support Files/Pods-YXAnimatedTabBarDemo/Pods-YXAnimatedTabBarDemo.release.xcconfig"; sourceTree = "<group>"; };
		D41BEC6EAE34519B67072CF9 /* Pods-YXAnimatedTabBarDemo.debug.xcconfig */ = {isa = PBXFileReference; includeInIndex = 1; lastKnownFileType = text.xcconfig; name = "Pods-YXAnimatedTabBarDemo.debug.xcconfig"; path = "Pods/Target Support Files/Pods-YXAnimatedTabBarDemo/Pods-YXAnimatedTabBarDemo.debug.xcconfig"; sourceTree = "<group>"; };
		D9FA9085C8EC00872693E96A /* libPods-YXAnimatedTabBarDemo.a */ = {isa = PBXFileReference; explicitFileType = archive.ar; includeInIndex = 0; path = "libPods-YXAnimatedTabBarDemo.a"; sourceTree = BUILT_PRODUCTS_DIR; };
/* End PBXFileReference section */

/* Begin PBXFrameworksBuildPhase section */
		4E6E0823213CD63000579FBD /* Frameworks */ = {
			isa = PBXFrameworksBuildPhase;
			buildActionMask = 2147483647;
			files = (
				1599A00C4A7D3158E1C463FC /* libPods-YXAnimatedTabBarDemo.a in Frameworks */,
			);
			runOnlyForDeploymentPostprocessing = 0;
		};
/* End PBXFrameworksBuildPhase section */

/* Begin PBXGroup section */
		4E6E081D213CD63000579FBD = {
			isa = PBXGroup;
			children = (
				4E6E0828213CD63000579FBD /* YXAnimatedTabBarDemo */,
				4E6E0827213CD63000579FBD /* Products */,
				890264E70ECDCB8D25E77E9F /* Pods */,
				CA564BA5F1891A61D173EF22 /* Frameworks */,
			);
			sourceTree = "<group>";
		};
		4E6E0827213CD63000579FBD /* Products */ = {
			isa = PBXGroup;
			children = (
				4E6E0826213CD63000579FBD /* YXAnimatedTabBarDemo.app */,
			);
			name = Products;
			sourceTree = "<group>";
		};
		4E6E0828213CD63000579FBD /* YXAnimatedTabBarDemo */ = {
			isa = PBXGroup;
			children = (
				4E6E083F213CD6AA00579FBD /* YXAnimatedTabBar */,
				4E6E0829213CD63000579FBD /* AppDelegate.h */,
				4E6E082A213CD63000579FBD /* AppDelegate.m */,
				4E6E082C213CD63000579FBD /* ViewController.h */,
				4E6E082D213CD63000579FBD /* ViewController.m */,
				4E203ED721426013003DE809 /* OneViewController.h */,
				4E203ED821426013003DE809 /* OneViewController.m */,
				4E6E0849213D077200579FBD /* TabBarViewController.h */,
				4E6E084A213D077200579FBD /* TabBarViewController.m */,
				4E50793B213FB5EA00C366EC /* ToolsAnimation.plist */,
				4E6E082F213CD63000579FBD /* Main.storyboard */,
				4E6E0832213CD63100579FBD /* Assets.xcassets */,
				4E6E0834213CD63100579FBD /* LaunchScreen.storyboard */,
				4E6E0837213CD63100579FBD /* Info.plist */,
				4E6E0838213CD63100579FBD /* main.m */,
			);
			path = YXAnimatedTabBarDemo;
			sourceTree = "<group>";
		};
		4E6E083F213CD6AA00579FBD /* YXAnimatedTabBar */ = {
			isa = PBXGroup;
			children = (
				4E6E0843213CE1E700579FBD /* YXTabBarAnimation.h */,
				4E6E0844213CE1E700579FBD /* YXTabBarAnimation.m */,
				4E6E0846213CE21500579FBD /* YXTabBar.h */,
				4E6E0847213CE21500579FBD /* YXTabBar.m */,
				4E203EDD21426C0F003DE809 /* UIViewController+BadgeValue.h */,
				4E203EDE21426C0F003DE809 /* UIViewController+BadgeValue.m */,
			);
			path = YXAnimatedTabBar;
			sourceTree = "<group>";
		};
		890264E70ECDCB8D25E77E9F /* Pods */ = {
			isa = PBXGroup;
			children = (
				D41BEC6EAE34519B67072CF9 /* Pods-YXAnimatedTabBarDemo.debug.xcconfig */,
				728B8CF159185E8D9F3D3171 /* Pods-YXAnimatedTabBarDemo.release.xcconfig */,
			);
			name = Pods;
			sourceTree = "<group>";
		};
		CA564BA5F1891A61D173EF22 /* Frameworks */ = {
			isa = PBXGroup;
			children = (
				D9FA9085C8EC00872693E96A /* libPods-YXAnimatedTabBarDemo.a */,
			);
			name = Frameworks;
			sourceTree = "<group>";
		};
/* End PBXGroup section */

/* Begin PBXNativeTarget section */
		4E6E0825213CD63000579FBD /* YXAnimatedTabBarDemo */ = {
			isa = PBXNativeTarget;
			buildConfigurationList = 4E6E083C213CD63100579FBD /* Build configuration list for PBXNativeTarget "YXAnimatedTabBarDemo" */;
			buildPhases = (
				4A890F8BCFC3D8EA1AFAA585 /* [CP] Check Pods Manifest.lock */,
				4E6E0822213CD63000579FBD /* Sources */,
				4E6E0823213CD63000579FBD /* Frameworks */,
				4E6E0824213CD63000579FBD /* Resources */,
			);
			buildRules = (
			);
			dependencies = (
			);
			name = YXAnimatedTabBarDemo;
			productName = YXAnimatedTabBarDemo;
			productReference = 4E6E0826213CD63000579FBD /* YXAnimatedTabBarDemo.app */;
			productType = "com.apple.product-type.application";
		};
/* End PBXNativeTarget section */

/* Begin PBXProject section */
		4E6E081E213CD63000579FBD /* Project object */ = {
			isa = PBXProject;
			attributes = {
				LastUpgradeCheck = 0940;
				ORGANIZATIONNAME = MyOrganization;
				TargetAttributes = {
					4E6E0825213CD63000579FBD = {
						CreatedOnToolsVersion = 9.4.1;
					};
				};
			};
			buildConfigurationList = 4E6E0821213CD63000579FBD /* Build configuration list for PBXProject "YXAnimatedTabBarDemo" */;
			compatibilityVersion = "Xcode 9.3";
			developmentRegion = en;
			hasScannedForEncodings = 0;
			knownRegions = (
				en,
				Base,
			);
			mainGroup = 4E6E081D213CD63000579FBD;
			productRefGroup = 4E6E0827213CD63000579FBD /* Products */;
			projectDirPath = "";
			projectRoot = "";
			targets = (
				4E6E0825213CD63000579FBD /* YXAnimatedTabBarDemo */,
			);
		};
/* End PBXProject section */

/* Begin PBXResourcesBuildPhase section */
		4E6E0824213CD63000579FBD /* Resources */ = {
			isa = PBXResourcesBuildPhase;
			buildActionMask = 2147483647;
			files = (
				4E6E0836213CD63100579FBD /* LaunchScreen.storyboard in Resources */,
				4E6E0833213CD63100579FBD /* Assets.xcassets in Resources */,
				4E6E0831213CD63000579FBD /* Main.storyboard in Resources */,
				4E50793C213FB5EA00C366EC /* ToolsAnimation.plist in Resources */,
			);
			runOnlyForDeploymentPostprocessing = 0;
		};
/* End PBXResourcesBuildPhase section */

/* Begin PBXShellScriptBuildPhase section */
		4A890F8BCFC3D8EA1AFAA585 /* [CP] Check Pods Manifest.lock */ = {
			isa = PBXShellScriptBuildPhase;
			buildActionMask = 2147483647;
			files = (
			);
			inputPaths = (
				"${PODS_PODFILE_DIR_PATH}/Podfile.lock",
				"${PODS_ROOT}/Manifest.lock",
			);
			name = "[CP] Check Pods Manifest.lock";
			outputPaths = (
				"$(DERIVED_FILE_DIR)/Pods-YXAnimatedTabBarDemo-checkManifestLockResult.txt",
			);
			runOnlyForDeploymentPostprocessing = 0;
			shellPath = /bin/sh;
			shellScript = "diff \"${PODS_PODFILE_DIR_PATH}/Podfile.lock\" \"${PODS_ROOT}/Manifest.lock\" > /dev/null\nif [ $? != 0 ] ; then\n    # print error to STDERR\n    echo \"error: The sandbox is not in sync with the Podfile.lock. Run 'pod install' or update your CocoaPods installation.\" >&2\n    exit 1\nfi\n# This output is used by Xcode 'outputs' to avoid re-running this script phase.\necho \"SUCCESS\" > \"${SCRIPT_OUTPUT_FILE_0}\"\n";
			showEnvVarsInLog = 0;
		};
/* End PBXShellScriptBuildPhase section */

/* Begin PBXSourcesBuildPhase section */
		4E6E0822213CD63000579FBD /* Sources */ = {
			isa = PBXSourcesBuildPhase;
			buildActionMask = 2147483647;
			files = (
				4E203EDF21426C0F003DE809 /* UIViewController+BadgeValue.m in Sources */,
				4E6E082E213CD63000579FBD /* ViewController.m in Sources */,
				4E6E084B213D077200579FBD /* TabBarViewController.m in Sources */,
				4E6E0839213CD63100579FBD /* main.m in Sources */,
				4E6E0845213CE1E700579FBD /* YXTabBarAnimation.m in Sources */,
				4E6E0848213CE21500579FBD /* YXTabBar.m in Sources */,
				4E203ED921426013003DE809 /* OneViewController.m in Sources */,
				4E6E082B213CD63000579FBD /* AppDelegate.m in Sources */,
			);
			runOnlyForDeploymentPostprocessing = 0;
		};
/* End PBXSourcesBuildPhase section */

/* Begin PBXVariantGroup section */
		4E6E082F213CD63000579FBD /* Main.storyboard */ = {
			isa = PBXVariantGroup;
			children = (
				4E6E0830213CD63000579FBD /* Base */,
			);
			name = Main.storyboard;
			sourceTree = "<group>";
		};
		4E6E0834213CD63100579FBD /* LaunchScreen.storyboard */ = {
			isa = PBXVariantGroup;
			children = (
				4E6E0835213CD63100579FBD /* Base */,
			);
			name = LaunchScreen.storyboard;
			sourceTree = "<group>";
		};
/* End PBXVariantGroup section */

/* Begin XCBuildConfiguration section */
		4E6E083A213CD63100579FBD /* Debug */ = {
			isa = XCBuildConfiguration;
			buildSettings = {
				ALWAYS_SEARCH_USER_PATHS = NO;
				CLANG_ANALYZER_NONNULL = YES;
				CLANG_ANALYZER_NUMBER_OBJECT_CONVERSION = YES_AGGRESSIVE;
				CLANG_CXX_LANGUAGE_STANDARD = "gnu++14";
				CLANG_CXX_LIBRARY = "libc++";
				CLANG_ENABLE_MODULES = YES;
				CLANG_ENABLE_OBJC_ARC = YES;
				CLANG_ENABLE_OBJC_WEAK = YES;
				CLANG_WARN_BLOCK_CAPTURE_AUTORELEASING = YES;
				CLANG_WARN_BOOL_CONVERSION = YES;
				CLANG_WARN_COMMA = YES;
				CLANG_WARN_CONSTANT_CONVERSION = YES;
				CLANG_WARN_DEPRECATED_OBJC_IMPLEMENTATIONS = YES;
				CLANG_WARN_DIRECT_OBJC_ISA_USAGE = YES_ERROR;
				CLANG_WARN_DOCUMENTATION_COMMENTS = YES;
				CLANG_WARN_EMPTY_BODY = YES;
				CLANG_WARN_ENUM_CONVERSION = YES;
				CLANG_WARN_INFINITE_RECURSION = YES;
				CLANG_WARN_INT_CONVERSION = YES;
				CLANG_WARN_NON_LITERAL_NULL_CONVERSION = YES;
				CLANG_WARN_OBJC_IMPLICIT_RETAIN_SELF = YES;
				CLANG_WARN_OBJC_LITERAL_CONVERSION = YES;
				CLANG_WARN_OBJC_ROOT_CLASS = YES_ERROR;
				CLANG_WARN_RANGE_LOOP_ANALYSIS = YES;
				CLANG_WARN_STRICT_PROTOTYPES = YES;
				CLANG_WARN_SUSPICIOUS_MOVE = YES;
				CLANG_WARN_UNGUARDED_AVAILABILITY = YES_AGGRESSIVE;
				CLANG_WARN_UNREACHABLE_CODE = YES;
				CLANG_WARN__DUPLICATE_METHOD_MATCH = YES;
				CODE_SIGN_IDENTITY = "iPhone Developer";
				COPY_PHASE_STRIP = NO;
				DEBUG_INFORMATION_FORMAT = dwarf;
				ENABLE_STRICT_OBJC_MSGSEND = YES;
				ENABLE_TESTABILITY = YES;
				GCC_C_LANGUAGE_STANDARD = gnu11;
				GCC_DYNAMIC_NO_PIC = NO;
				GCC_NO_COMMON_BLOCKS = YES;
				GCC_OPTIMIZATION_LEVEL = 0;
				GCC_PREPROCESSOR_DEFINITIONS = (
					"DEBUG=1",
					"$(inherited)",
				);
				GCC_WARN_64_TO_32_BIT_CONVERSION = YES;
				GCC_WARN_ABOUT_RETURN_TYPE = YES_ERROR;
				GCC_WARN_UNDECLARED_SELECTOR = YES;
				GCC_WARN_UNINITIALIZED_AUTOS = YES_AGGRESSIVE;
				GCC_WARN_UNUSED_FUNCTION = YES;
				GCC_WARN_UNUSED_VARIABLE = YES;
				IPHONEOS_DEPLOYMENT_TARGET = 11.4;
				MTL_ENABLE_DEBUG_INFO = YES;
				ONLY_ACTIVE_ARCH = YES;
				SDKROOT = iphoneos;
			};
			name = Debug;
		};
		4E6E083B213CD63100579FBD /* Release */ = {
			isa = XCBuildConfiguration;
			buildSettings = {
				ALWAYS_SEARCH_USER_PATHS = NO;
				CLANG_ANALYZER_NONNULL = YES;
				CLANG_ANALYZER_NUMBER_OBJECT_CONVERSION = YES_AGGRESSIVE;
				CLANG_CXX_LANGUAGE_STANDARD = "gnu++14";
				CLANG_CXX_LIBRARY = "libc++";
				CLANG_ENABLE_MODULES = YES;
				CLANG_ENABLE_OBJC_ARC = YES;
				CLANG_ENABLE_OBJC_WEAK = YES;
				CLANG_WARN_BLOCK_CAPTURE_AUTORELEASING = YES;
				CLANG_WARN_BOOL_CONVERSION = YES;
				CLANG_WARN_COMMA = YES;
				CLANG_WARN_CONSTANT_CONVERSION = YES;
				CLANG_WARN_DEPRECATED_OBJC_IMPLEMENTATIONS = YES;
				CLANG_WARN_DIRECT_OBJC_ISA_USAGE = YES_ERROR;
				CLANG_WARN_DOCUMENTATION_COMMENTS = YES;
				CLANG_WARN_EMPTY_BODY = YES;
				CLANG_WARN_ENUM_CONVERSION = YES;
				CLANG_WARN_INFINITE_RECURSION = YES;
				CLANG_WARN_INT_CONVERSION = YES;
				CLANG_WARN_NON_LITERAL_NULL_CONVERSION = YES;
				CLANG_WARN_OBJC_IMPLICIT_RETAIN_SELF = YES;
				CLANG_WARN_OBJC_LITERAL_CONVERSION = YES;
				CLANG_WARN_OBJC_ROOT_CLASS = YES_ERROR;
				CLANG_WARN_RANGE_LOOP_ANALYSIS = YES;
				CLANG_WARN_STRICT_PROTOTYPES = YES;
				CLANG_WARN_SUSPICIOUS_MOVE = YES;
				CLANG_WARN_UNGUARDED_AVAILABILITY = YES_AGGRESSIVE;
				CLANG_WARN_UNREACHABLE_CODE = YES;
				CLANG_WARN__DUPLICATE_METHOD_MATCH = YES;
				CODE_SIGN_IDENTITY = "iPhone Developer";
				COPY_PHASE_STRIP = NO;
				DEBUG_INFORMATION_FORMAT = "dwarf-with-dsym";
				ENABLE_NS_ASSERTIONS = NO;
				ENABLE_STRICT_OBJC_MSGSEND = YES;
				GCC_C_LANGUAGE_STANDARD = gnu11;
				GCC_NO_COMMON_BLOCKS = YES;
				GCC_WARN_64_TO_32_BIT_CONVERSION = YES;
				GCC_WARN_ABOUT_RETURN_TYPE = YES_ERROR;
				GCC_WARN_UNDECLARED_SELECTOR = YES;
				GCC_WARN_UNINITIALIZED_AUTOS = YES_AGGRESSIVE;
				GCC_WARN_UNUSED_FUNCTION = YES;
				GCC_WARN_UNUSED_VARIABLE = YES;
				IPHONEOS_DEPLOYMENT_TARGET = 11.4;
				MTL_ENABLE_DEBUG_INFO = NO;
				SDKROOT = iphoneos;
				VALIDATE_PRODUCT = YES;
			};
			name = Release;
		};
		4E6E083D213CD63100579FBD /* Debug */ = {
			isa = XCBuildConfiguration;
			baseConfigurationReference = D41BEC6EAE34519B67072CF9 /* Pods-YXAnimatedTabBarDemo.debug.xcconfig */;
			buildSettings = {
				ASSETCATALOG_COMPILER_APPICON_NAME = AppIcon;
				CODE_SIGN_STYLE = Automatic;
				INFOPLIST_FILE = YXAnimatedTabBarDemo/Info.plist;
				LD_RUNPATH_SEARCH_PATHS = (
					"$(inherited)",
					"@executable_path/Frameworks",
				);
				PRODUCT_BUNDLE_IDENTIFIER = MyOrganizationID.YXAnimatedTabBarDemo;
				PRODUCT_NAME = "$(TARGET_NAME)";
				TARGETED_DEVICE_FAMILY = "1,2";
			};
			name = Debug;
		};
		4E6E083E213CD63100579FBD /* Release */ = {
			isa = XCBuildConfiguration;
			baseConfigurationReference = 728B8CF159185E8D9F3D3171 /* Pods-YXAnimatedTabBarDemo.release.xcconfig */;
			buildSettings = {
				ASSETCATALOG_COMPILER_APPICON_NAME = AppIcon;
				CODE_SIGN_STYLE = Automatic;
				INFOPLIST_FILE = YXAnimatedTabBarDemo/Info.plist;
				LD_RUNPATH_SEARCH_PATHS = (
					"$(inherited)",
					"@executable_path/Frameworks",
				);
				PRODUCT_BUNDLE_IDENTIFIER = MyOrganizationID.YXAnimatedTabBarDemo;
				PRODUCT_NAME = "$(TARGET_NAME)";
				TARGETED_DEVICE_FAMILY = "1,2";
			};
			name = Release;
		};
/* End XCBuildConfiguration section */

/* Begin XCConfigurationList section */
		4E6E0821213CD63000579FBD /* Build configuration list for PBXProject "YXAnimatedTabBarDemo" */ = {
			isa = XCConfigurationList;
			buildConfigurations = (
				4E6E083A213CD63100579FBD /* Debug */,
				4E6E083B213CD63100579FBD /* Release */,
			);
			defaultConfigurationIsVisible = 0;
			defaultConfigurationName = Release;
		};
		4E6E083C213CD63100579FBD /* Build configuration list for PBXNativeTarget "YXAnimatedTabBarDemo" */ = {
			isa = XCConfigurationList;
			buildConfigurations = (
				4E6E083D213CD63100579FBD /* Debug */,
				4E6E083E213CD63100579FBD /* Release */,
			);
			defaultConfigurationIsVisible = 0;
			defaultConfigurationName = Release;
		};
/* End XCConfigurationList section */
	};
	rootObject = 4E6E081E213CD63000579FBD /* Project object */;
}
